
Microsoft Visual Studio Solution File, Format Version 12.00
# Visual Studio Version 17
VisualStudioVersion = 17.13.35919.96 d17.13
MinimumVisualStudioVersion = 10.0.40219.1
Project("{54A90642-561A-4BB1-A94E-469ADEE60C69}") = "courseland.client", "courseland.client\courseland.client.esproj", "{088CD331-73B3-3435-61C4-1E2C0CF8532E}"
EndProject
Project("{FAE04EC0-301F-11D3-BF4B-00C04F79EFBC}") = "courseland.Server", "courseland.Server\courseland.Server.csproj", "{A992FAE4-4083-4953-A415-279C1C01BD13}"
EndProject
Global
	GlobalSection(SolutionConfigurationPlatforms) = preSolution
		Debug|Any CPU = Debug|Any CPU
		Release|Any CPU = Release|Any CPU
	EndGlobalSection
	GlobalSection(ProjectConfigurationPlatforms) = postSolution
		{088CD331-73B3-3435-61C4-1E2C0CF8532E}.Debug|Any CPU.ActiveCfg = Debug|Any CPU
		{088CD331-73B3-3435-61C4-1E2C0CF8532E}.Debug|Any CPU.Build.0 = Debug|Any CPU
		{088CD331-73B3-3435-61C4-1E2C0CF8532E}.Debug|Any CPU.Deploy.0 = Debug|Any CPU
		{088CD331-73B3-3435-61C4-1E2C0CF8532E}.Release|Any CPU.ActiveCfg = Release|Any CPU
		{088CD331-73B3-3435-61C4-1E2C0CF8532E}.Release|Any CPU.Build.0 = Release|Any CPU
		{088CD331-73B3-3435-61C4-1E2C0CF8532E}.Release|Any CPU.Deploy.0 = Release|Any CPU
		{A992FAE4-4083-4953-A415-279C1C01BD13}.Debug|Any CPU.ActiveCfg = Debug|Any CPU
		{A992FAE4-4083-4953-A415-279C1C01BD13}.Debug|Any CPU.Build.0 = Debug|Any CPU
		{A992FAE4-4083-4953-A415-279C1C01BD13}.Release|Any CPU.ActiveCfg = Release|Any CPU
		{A992FAE4-4083-4953-A415-279C1C01BD13}.Release|Any CPU.Build.0 = Release|Any CPU
	EndGlobalSection
	GlobalSection(SolutionProperties) = preSolution
		HideSolutionNode = FALSE
	EndGlobalSection
	GlobalSection(ExtensibilityGlobals) = postSolution
		SolutionGuid = {DEDB550A-B9A1-4350-9F74-FE1C76473211}
	EndGlobalSection
EndGlobal
